PODS:
  - ObjectMapper (3.5.3)
  - PKHUD (5.3.0)
  - SDDownloadManager (1.1.0)
  - SSZipArchive (2.2.2)

DEPENDENCIES:
  - ObjectMapper (~> 3.5)
  - PKHUD (~> 5.0)
  - SDDownloadManager
  - SSZipArchive

SPEC REPOS:
  trunk:
    - ObjectMapper
    - PKHUD
    - SDDownloadManager
    - SSZipArchive

SPEC CHECKSUMS:
  ObjectMapper: 97111c97e054a6ee25917662106689f0b4127b37
  PKHUD: 98f3e4bc904b9c916f1c5bb6d765365b5357291b
  SDDownloadManager: 62a9339c03ea27606effefd9aa1800e4127e3a52
  SSZipArchive: fa16b8cc4cdeceb698e5e5d9f67e9558532fbf23

PODFILE CHECKSUM: 9d095c564724228e5ca6159f8d30dcd53ff22edb

COCOAPODS: 1.10.1
